
Microsoft Visual Studio Solution File, Format Version 12.00
# Visual Studio Version 17
VisualStudioVersion = 17.10.35027.167
MinimumVisualStudioVersion = 10.0.40219.1
Project("{FAE04EC0-301F-11D3-BF4B-00C04F79EFBC}") = "fundamentals_project", "fundamentals_project\fundamentals_project.csproj", "{E74408DF-023B-40B3-B00F-41FC0FEFB697}"
EndProject
Global
	GlobalSection(SolutionConfigurationPlatforms) = preSolution
		Debug|Any CPU = Debug|Any CPU
		Release|Any CPU = Release|Any CPU
	EndGlobalSection
	GlobalSection(ProjectConfigurationPlatforms) = postSolution
		{E74408DF-023B-40B3-B00F-41FC0FEFB697}.Debug|Any CPU.ActiveCfg = Debug|Any CPU
		{E74408DF-023B-40B3-B00F-41FC0FEFB697}.Debug|Any CPU.Build.0 = Debug|Any CPU
		{E74408DF-023B-40B3-B00F-41FC0FEFB697}.Release|Any CPU.ActiveCfg = Release|Any CPU
		{E74408DF-023B-40B3-B00F-41FC0FEFB697}.Release|Any CPU.Build.0 = Release|Any CPU
	EndGlobalSection
	GlobalSection(SolutionProperties) = preSolution
		HideSolutionNode = FALSE
	EndGlobalSection
	GlobalSection(ExtensibilityGlobals) = postSolution
		SolutionGuid = {469ACCDE-95A9-4D13-8146-E94ED9F843C7}
	EndGlobalSection
EndGlobal
